
Microsoft Visual Studio Solution File, Format Version 12.00
# Visual Studio Version 16
VisualStudioVersion = 16.0.31729.503
MinimumVisualStudioVersion = 10.0.40219.1
Project("{FAE04EC0-301F-11D3-BF4B-00C04F79EFBC}") = "Lab1", "Lab1\Lab1.csproj", "{DBA6A50E-6BF5-48F2-A033-B4D487392C7E}"
EndProject
Project("{FAE04EC0-301F-11D3-BF4B-00C04F79EFBC}") = "Lab2", "Lab2\Lab2.csproj", "{C531DFC0-ED28-4D77-973F-63E3F2CAEC33}"
EndProject
Project("{FAE04EC0-301F-11D3-BF4B-00C04F79EFBC}") = "Lab3", "Lab3\Lab3.csproj", "{B635B213-3B4A-42EB-9A3F-2F57C8369306}"
EndProject
Global
	GlobalSection(SolutionConfigurationPlatforms) = preSolution
		Debug|Any CPU = Debug|Any CPU
		Release|Any CPU = Release|Any CPU
	EndGlobalSection
	GlobalSection(ProjectConfigurationPlatforms) = postSolution
		{DBA6A50E-6BF5-48F2-A033-B4D487392C7E}.Debug|Any CPU.ActiveCfg = Debug|Any CPU
		{DBA6A50E-6BF5-48F2-A033-B4D487392C7E}.Debug|Any CPU.Build.0 = Debug|Any CPU
		{DBA6A50E-6BF5-48F2-A033-B4D487392C7E}.Release|Any CPU.ActiveCfg = Release|Any CPU
		{DBA6A50E-6BF5-48F2-A033-B4D487392C7E}.Release|Any CPU.Build.0 = Release|Any CPU
		{C531DFC0-ED28-4D77-973F-63E3F2CAEC33}.Debug|Any CPU.ActiveCfg = Debug|Any CPU
		{C531DFC0-ED28-4D77-973F-63E3F2CAEC33}.Debug|Any CPU.Build.0 = Debug|Any CPU
		{C531DFC0-ED28-4D77-973F-63E3F2CAEC33}.Release|Any CPU.ActiveCfg = Release|Any CPU
		{C531DFC0-ED28-4D77-973F-63E3F2CAEC33}.Release|Any CPU.Build.0 = Release|Any CPU
		{B635B213-3B4A-42EB-9A3F-2F57C8369306}.Debug|Any CPU.ActiveCfg = Debug|Any CPU
		{B635B213-3B4A-42EB-9A3F-2F57C8369306}.Debug|Any CPU.Build.0 = Debug|Any CPU
		{B635B213-3B4A-42EB-9A3F-2F57C8369306}.Release|Any CPU.ActiveCfg = Release|Any CPU
		{B635B213-3B4A-42EB-9A3F-2F57C8369306}.Release|Any CPU.Build.0 = Release|Any CPU
	EndGlobalSection
	GlobalSection(SolutionProperties) = preSolution
		HideSolutionNode = FALSE
	EndGlobalSection
	GlobalSection(ExtensibilityGlobals) = postSolution
		SolutionGuid = {5351C48F-7287-41FD-B206-09E410738301}
	EndGlobalSection
EndGlobal
